
Microsoft Visual Studio Solution File, Format Version 12.00
# Visual Studio Version 17
VisualStudioVersion = 17.5.002.0
MinimumVisualStudioVersion = 10.0.40219.1
Project("{9A19103F-16F7-4668-BE54-9A1E7A4F7556}") = "exercicio2", "exercicio2.csproj", "{B7C3474D-46DE-4EAA-BAAC-44E942F4C782}"
EndProject
Global
	GlobalSection(SolutionConfigurationPlatforms) = preSolution
		Debug|Any CPU = Debug|Any CPU
		Release|Any CPU = Release|Any CPU
	EndGlobalSection
	GlobalSection(ProjectConfigurationPlatforms) = postSolution
		{B7C3474D-46DE-4EAA-BAAC-44E942F4C782}.Debug|Any CPU.ActiveCfg = Debug|Any CPU
		{B7C3474D-46DE-4EAA-BAAC-44E942F4C782}.Debug|Any CPU.Build.0 = Debug|Any CPU
		{B7C3474D-46DE-4EAA-BAAC-44E942F4C782}.Release|Any CPU.ActiveCfg = Release|Any CPU
		{B7C3474D-46DE-4EAA-BAAC-44E942F4C782}.Release|Any CPU.Build.0 = Release|Any CPU
	EndGlobalSection
	GlobalSection(SolutionProperties) = preSolution
		HideSolutionNode = FALSE
	EndGlobalSection
	GlobalSection(ExtensibilityGlobals) = postSolution
		SolutionGuid = {A0CFE015-793D-4C85-B25A-490A52E6BBB1}
	EndGlobalSection
EndGlobal
